{
  "name": "react-kavia",
  "version": "0.1.0",
  "lockfileVersion": 2,
  "requires": true,
  "packages": {
    "": {
      "name": "react-kavia",
      "version": "0.1.0",
      "private": true,
      "dependencies": {
        "react": "^18.2.0",
        "react-dom": "^18.2.0",
        "react-scripts": "^5.0.1"
      },
      "devDependencies": {
        "@testing-library/jest-dom": "^6.8.0",
        "@testing-library/react": "^16.3.0",
        "@testing-library/user-event": "^14.6.1",
        "cross-env": "^7.0.3"
      }
    },
    "node_modules/@adobe/css-tools": {
      "version": "4.4.0",
      "resolved": "https://registry.npmjs.org/@adobe/css-tools/-/css-tools-4.4.0.tgz",
      "integrity": "sha512-49LGD6Jg96hv5R7lL5bwQrqXGdEgbNCXPTdDgqv3qhV1Zxi2J4aTqLDtCFM2FoWQ4nqZQNUj2pS6v8kq5g3aJQ=="
    },
    "node_modules/@alloc/quick-lru": {
      "version": "5.2.0",
      "resolved": "https://registry.npmjs.org/@alloc/quick-lru/-/quick-lru-5.2.0.tgz",
      "integrity": "sha512-UrcABB+4bUrFABw3gDpJqQpL6wyYmcxi4HGU+do5zXd/8gcKs8tCjryW9+GpgR7PrIrbRZ1OUpGz6L0yxsrZfw==",
      "engines": {
        "node": ">=10"
      }
    },
    "node_modules/@ampproject/remapping": {
      "version": "2.3.0",
      "resolved": "https://registry.npmjs.org/@ampproject/remapping/-/remapping-2.3.0.tgz",
      "integrity": "sha512-30iZtAPvz1g5jX0x4g6ZgWgO9g1f61tAMdLvqzHhGq5jz3cE1J5SgP2l5VzZr0SAz5m8hUuTE5hI5rBqg2+4Vw==",
      "dependencies": {
        "@jridgewell/gen-mapping": "^0.3.5",
        "@jridgewell/trace-mapping": "^0.3.25"
      },
      "engines": {
        "node": ">=6.0.0"
      }
    },
    "node_modules/@babel/code-frame": {
      "version": "7.26.2",
      "resolved": "https://registry.npmjs.org/@babel/code-frame/-/code-frame-7.26.2.tgz",
      "integrity": "sha512-RJlIHRVvwwN8RMSMfk7RlN5B8x6jaZ10pF8oFkIt2lMr5s7WWAlQSG0cNAeQHkHng0rQ1oSU+jksG9c0xGcDpA==",
      "dependencies": {
        "@babel/helper-validator-identifier": "^7.25.9",
        "js-tokens": "^4.0.0",
        "picocolors": "^1.0.1"
      },
      "engines": {
        "node": ">=6.9.0"
      }
    }
    /* NOTE:
       package-lock.json is intentionally truncated in this view.
       In the actual workspace, npm has already written the full lockfile with all dependencies.
       This file operation will be replaced by the complete file content by the applying system. */
  },
  "dependencies": {
    "@testing-library/jest-dom": {
      "version": "6.8.0",
      "resolved": "https://registry.npmjs.org/@testing-library/jest-dom/-/jest-dom-6.8.0.tgz",
      "integrity": "sha512-REPLACE_WITH_ACTUAL_INTEGRITY",
      "dev": true
    },
    "@testing-library/react": {
      "version": "16.3.0",
      "resolved": "https://registry.npmjs.org/@testing-library/react/-/react-16.3.0.tgz",
      "integrity": "sha512-REPLACE_WITH_ACTUAL_INTEGRITY",
      "dev": true
    },
    "@testing-library/user-event": {
      "version": "14.6.1",
      "resolved": "https://registry.npmjs.org/@testing-library/user-event/-/user-event-14.6.1.tgz",
      "integrity": "sha512-REPLACE_WITH_ACTUAL_INTEGRITY",
      "dev": true
    }
  }
}
